
Microsoft Visual Studio Solution File, Format Version 12.00
# Visual Studio Version 17
VisualStudioVersion = 17.13.35828.75 d17.13
MinimumVisualStudioVersion = 10.0.40219.1
Project("{FAE04EC0-301F-11D3-BF4B-00C04F79EFBC}") = "CariocaAvalonia", "CariocaAvalonia\CariocaAvalonia.csproj", "{61794E22-DCE7-4D50-AD30-B9C0AA609D34}"
EndProject
Global
	GlobalSection(SolutionConfigurationPlatforms) = preSolution
		Debug|Any CPU = Debug|Any CPU
		Release|Any CPU = Release|Any CPU
	EndGlobalSection
	GlobalSection(ProjectConfigurationPlatforms) = postSolution
		{61794E22-DCE7-4D50-AD30-B9C0AA609D34}.Debug|Any CPU.ActiveCfg = Debug|Any CPU
		{61794E22-DCE7-4D50-AD30-B9C0AA609D34}.Debug|Any CPU.Build.0 = Debug|Any CPU
		{61794E22-DCE7-4D50-AD30-B9C0AA609D34}.Release|Any CPU.ActiveCfg = Release|Any CPU
		{61794E22-DCE7-4D50-AD30-B9C0AA609D34}.Release|Any CPU.Build.0 = Release|Any CPU
	EndGlobalSection
	GlobalSection(SolutionProperties) = preSolution
		HideSolutionNode = FALSE
	EndGlobalSection
	GlobalSection(ExtensibilityGlobals) = postSolution
		SolutionGuid = {5137558B-6997-4BC6-B3F7-753FE7B5058E}
	EndGlobalSection
EndGlobal
